schema: '2.0'
stages:
  cell_segmentation_ina:
    cmd: python ./cell_segmentation.py --seed 42 --sam_model 
      sam/sam_vit_h_4b8939.pth --gpus_list 0 --device cuda --cell_dataset_name 
      ina --output ./outputs
    deps:
    - path: ./cell_segmentation.py
      hash: md5
      md5: 4cd31608fbb01d39d256fb3cb3c4737b
      size: 3192
    params:
      params.yaml:
        dataset.sam_model: sam/sam_vit_h_4b8939.pth
        general.device: cuda
        general.gpus_list: 0
        general.seed: 42
    outs:
    - path: ./outputs/cropped/ina/data
      hash: md5
      md5: 744e6378ef8c3c3d60f9767c2f7a9b29.dir
      size: 1876470
      nfiles: 392
  cell_segmentation_onion_cell_merged_train:
    cmd: python ./cell_segmentation.py --seed 42 --sam_model 
      sam/sam_vit_h_4b8939.pth --gpus_list 0 --device cuda --cell_dataset_name 
      onion_cell_merged --cell_dataset_section train --output ./outputs
    deps:
    - path: ./cell_segmentation.py
      hash: md5
      md5: 4cd31608fbb01d39d256fb3cb3c4737b
      size: 3192
    params:
      params.yaml:
        dataset.sam_model: sam/sam_vit_h_4b8939.pth
        general.device: cuda
        general.gpus_list: 0
        general.seed: 42
    outs:
    - path: ./outputs/cropped/onion_cell_merged/data/train
      hash: md5
      md5: f92e193fce6f51ea3738699055167a3e.dir
      size: 876584
      nfiles: 452
  cell_segmentation_onion_cell_merged_test:
    cmd: python ./cell_segmentation.py --seed 42 --sam_model 
      sam/sam_vit_h_4b8939.pth --gpus_list 0 --device cuda --cell_dataset_name 
      onion_cell_merged --cell_dataset_section test --output ./outputs
    deps:
    - path: ./cell_segmentation.py
      hash: md5
      md5: 4cd31608fbb01d39d256fb3cb3c4737b
      size: 3192
    params:
      params.yaml:
        dataset.sam_model: sam/sam_vit_h_4b8939.pth
        general.device: cuda
        general.gpus_list: 0
        general.seed: 42
    outs:
    - path: ./outputs/cropped/onion_cell_merged/data/test
      hash: md5
      md5: 9c0bef6e099606ec4e3af464eec71f95.dir
      size: 123815
      nfiles: 63
  cell_segmentation_onion_cell_merged_valid:
    cmd: python ./cell_segmentation.py --seed 42 --sam_model 
      sam/sam_vit_h_4b8939.pth --gpus_list 0 --device cuda --cell_dataset_name 
      onion_cell_merged --cell_dataset_section valid --output ./outputs
    deps:
    - path: ./cell_segmentation.py
      hash: md5
      md5: 4cd31608fbb01d39d256fb3cb3c4737b
      size: 3192
    params:
      params.yaml:
        dataset.sam_model: sam/sam_vit_h_4b8939.pth
        general.device: cuda
        general.gpus_list: 0
        general.seed: 42
    outs:
    - path: ./outputs/cropped/onion_cell_merged/data/valid
      hash: md5
      md5: abd9c429f1b2725272c402def42bcbeb.dir
      size: 233152
      nfiles: 129
  cell_area_analysis:
    cmd: python ./cell_area_analysis.py --seed 42 --output ./outputs/cropped 
      --reference_csv_path ./outputs/cropped/ina/data --ajust_csv_path 
      ./outputs/cropped/onion_cell_merged/data/train --bin_start 0 --bin_end 
      100000 --bin_width 400 --min_area_threshold 6000 --max_area_threshold 
      30000
    deps:
    - path: ./cell_area_analysis.py
      hash: md5
      md5: 735f121a7bb8b7596ee5bbc4cc2c5b13
      size: 14309
    - path: ./outputs/cropped/ina/data
      hash: md5
      md5: 744e6378ef8c3c3d60f9767c2f7a9b29.dir
      size: 1876470
      nfiles: 392
    - path: ./outputs/cropped/onion_cell_merged/data/train
      hash: md5
      md5: f92e193fce6f51ea3738699055167a3e.dir
      size: 876584
      nfiles: 452
    params:
      params.yaml:
        analysis.adjust_path: ./outputs/cropped/onion_cell_merged/data/train
        analysis.area_max: 30000
        analysis.area_min: 6000
        analysis.bin_end: 100000
        analysis.bin_start: 0
        analysis.bin_width: 400
        analysis.output: ./outputs/cropped
        analysis.reference_path: ./outputs/cropped/ina/data
        general.seed: 42
    outs:
    - path: ./outputs/cropped/datasets_area_data.json
      hash: md5
      md5: 749a354d9a26a2dfacd9300141bb283b
      size: 942
  crop_cells_ina:
    cmd: python ./crop_cells.py --seed 42 --cell_dataset_name ina --output 
      ./outputs --target_img_side_px 200
    deps:
    - path: ./crop_cells.py
      hash: md5
      md5: 6ac9971f29323cd936111e2a6e7104b3
      size: 4599
    - path: ./outputs/cropped/datasets_area_data.json
      hash: md5
      md5: 749a354d9a26a2dfacd9300141bb283b
      size: 942
    params:
      params.yaml:
        crop.target_img_side_px: 200
        dataset.sam_model: sam/sam_vit_h_4b8939.pth
        general.device: cuda
        general.gpus_list: 0
        general.seed: 42
    outs:
    - path: ./outputs/cropped/ina/images
      hash: md5
      md5: 40e8ae33f381872f24d4d351e8b43c22.dir
      size: 3353342384
      nfiles: 45960
  crop_cells_onion_cell_merged_train:
    cmd: python ./crop_cells.py --seed 42 --cell_dataset_name onion_cell_merged 
      --output ./outputs --target_img_side_px 200 --cell_dataset_section train
    deps:
    - path: ./crop_cells.py
      hash: md5
      md5: 6ac9971f29323cd936111e2a6e7104b3
      size: 4599
    - path: ./outputs/cropped/datasets_area_data.json
      hash: md5
      md5: 749a354d9a26a2dfacd9300141bb283b
      size: 942
    params:
      params.yaml:
        crop.target_img_side_px: 200
        dataset.sam_model: sam/sam_vit_h_4b8939.pth
        general.device: cuda
        general.gpus_list: 0
        general.seed: 42
    outs:
    - path: ./outputs/cropped/onion_cell_merged/images/train
      hash: md5
      md5: 528d1564ae396eb00aa4a0cfafb79df2.dir
      size: 1034767215
      nfiles: 20917
  crop_cells_onion_cell_merged_test:
    cmd: python ./crop_cells.py --seed 42 --cell_dataset_name onion_cell_merged 
      --output ./outputs --target_img_side_px 200 --cell_dataset_section test
    deps:
    - path: ./crop_cells.py
      hash: md5
      md5: 6ac9971f29323cd936111e2a6e7104b3
      size: 4599
    - path: ./outputs/cropped/datasets_area_data.json
      hash: md5
      md5: 749a354d9a26a2dfacd9300141bb283b
      size: 942
    params:
      params.yaml:
        crop.target_img_side_px: 200
        dataset.sam_model: sam/sam_vit_h_4b8939.pth
        general.device: cuda
        general.gpus_list: 0
        general.seed: 42
    outs:
    - path: ./outputs/cropped/onion_cell_merged/images/test
      hash: md5
      md5: 9bcb2155461794e527b8df44e185b750.dir
      size: 146950929
      nfiles: 2956
  crop_cells_onion_cell_merged_valid:
    cmd: python ./crop_cells.py --seed 42 --cell_dataset_name onion_cell_merged 
      --output ./outputs --target_img_side_px 200 --cell_dataset_section valid
    deps:
    - path: ./crop_cells.py
      hash: md5
      md5: 6ac9971f29323cd936111e2a6e7104b3
      size: 4599
    - path: ./outputs/cropped/datasets_area_data.json
      hash: md5
      md5: 749a354d9a26a2dfacd9300141bb283b
      size: 942
    params:
      params.yaml:
        crop.target_img_side_px: 200
        dataset.sam_model: sam/sam_vit_h_4b8939.pth
        general.device: cuda
        general.gpus_list: 0
        general.seed: 42
    outs:
    - path: ./outputs/cropped/onion_cell_merged/images/valid
      hash: md5
      md5: cff47f4249486a5fb7948b32374f1cca.dir
      size: 284890872
      nfiles: 5809
